# THIS IS AN AUTOGENERATED FILE. DO NOT EDIT THIS FILE DIRECTLY.
# yarn lockfile v1
array-equal@^1.0.0:
  version "1.0.0"
  resolved "https://registry.yarnpkg.com/array-equal/-/array-equal-1.0.0.tgz#8c2a5ef2472fd9ea742b04c77a75093ba2757c93"

balanced-match@^0.4.1:
  version "0.4.2"
  resolved "https://registry.yarnpkg.com/balanced-match/-/balanced-match-0.4.2.tgz#cb3f3e3c732dc0f01ee70b403f302e61d7709838"

blank-object@^1.0.1:
  version "1.0.2"
  resolved "https://registry.yarnpkg.com/blank-object/-/blank-object-1.0.2.tgz#f990793fbe9a8c8dd013fb3219420bec81d5f4b9"

brace-expansion@^1.0.0:
  version "1.1.6"
  resolved "https://registry.yarnpkg.com/brace-expansion/-/brace-expansion-1.1.6.tgz#7197d7eaa9b87e648390ea61fc66c84427420df9"
  dependencies:
    balanced-match "^0.4.1"
    concat-map "0.0.1"

broccoli-funnel@~1.0.1:
  version "1.0.9"
  resolved "https://registry.yarnpkg.com/broccoli-funnel/-/broccoli-funnel-1.0.9.tgz#1b2673be66dd8a8771214e3f3aeb7325012e4580"
  dependencies:
    array-equal "^1.0.0"
    blank-object "^1.0.1"
    broccoli-plugin "^1.0.0"
    debug "^2.2.0"
    exists-sync "0.0.4"
    fast-ordered-set "^1.0.0"
    fs-tree-diff "^0.5.3"
    heimdalljs "^0.2.0"
    minimatch "^3.0.0"
    mkdirp "^0.5.0"
    path-posix "^1.0.0"
    rimraf "^2.4.3"
    symlink-or-copy "^1.0.0"
    walk-sync "^0.3.1"

broccoli-kitchen-sink-helpers@~0.3.1:
  version "0.3.1"
  resolved "https://registry.yarnpkg.com/broccoli-kitchen-sink-helpers/-/broccoli-kitchen-sink-helpers-0.3.1.tgz#77c7c18194b9664163ec4fcee2793444926e0c06"
  dependencies:
    glob "^5.0.10"
    mkdirp "^0.5.1"

broccoli-merge-trees@~1.1.1:
  version "1.1.4"
  resolved "https://registry.yarnpkg.com/broccoli-merge-trees/-/broccoli-merge-trees-1.1.4.tgz#ab9eafd30b0dd8136e882ffd8fb08f3817533ea0"
  dependencies:
    broccoli-plugin "^1.0.0"
    can-symlink "^1.0.0"
    fast-ordered-set "^1.0.2"
    fs-tree-diff "^0.5.2"
    heimdalljs "^0.2.1"
    heimdalljs-logger "^0.1.7"
    rimraf "^2.4.3"
    symlink-or-copy "^1.0.0"

broccoli-plugin@^1.0.0:
  version "1.2.2"
  resolved "https://registry.yarnpkg.com/broccoli-plugin/-/broccoli-plugin-1.2.2.tgz#0ed4320c20344487d0a2afafb963d52ee5179ab0"
  dependencies:
    promise-map-series "^0.2.1"
    quick-temp "^0.1.3"
    rimraf "^2.3.4"
    symlink-or-copy "^1.0.1"

broccoli-writer@~0.1.1:
  version "0.1.1"
  resolved "https://registry.yarnpkg.com/broccoli-writer/-/broccoli-writer-0.1.1.tgz#d4d71aa8f2afbc67a3866b91a2da79084b96ab2d"
  dependencies:
    quick-temp "^0.1.0"
    rsvp "^3.0.6"

can-symlink@^1.0.0:
  version "1.0.0"
  resolved "https://registry.yarnpkg.com/can-symlink/-/can-symlink-1.0.0.tgz#97b607d8a84bb6c6e228b902d864ecb594b9d219"
  dependencies:
    tmp "0.0.28"

concat-map@0.0.1:
  version "0.0.1"
  resolved "https://registry.yarnpkg.com/concat-map/-/concat-map-0.0.1.tgz#d8a96bd77fd68df7793a73036a3ba0d5405d477b"

debug@^2.2.0:
  version "2.3.2"
  resolved "https://registry.yarnpkg.com/debug/-/debug-2.3.2.tgz#94cb466ef7d6d2c7e5245cdd6e4104f2d0d70d30"
  dependencies:
    ms "0.7.2"

ensure-posix-path@^1.0.0:
  version "1.0.2"
  resolved "https://registry.yarnpkg.com/ensure-posix-path/-/ensure-posix-path-1.0.2.tgz#a65b3e42d0b71cfc585eb774f9943c8d9b91b0c2"

exists-sync@0.0.4:
  version "0.0.4"
  resolved "https://registry.yarnpkg.com/exists-sync/-/exists-sync-0.0.4.tgz#9744c2c428cc03b01060db454d4b12f0ef3c8879"

fast-ordered-set@^1.0.0, fast-ordered-set@^1.0.2:
  version "1.0.3"
  resolved "https://registry.yarnpkg.com/fast-ordered-set/-/fast-ordered-set-1.0.3.tgz#3fbb36634f7be79e4f7edbdb4a357dee25d184eb"
  dependencies:
    blank-object "^1.0.1"

fs-tree-diff@^0.5.2, fs-tree-diff@^0.5.3:
  version "0.5.3"
  resolved "https://registry.yarnpkg.com/fs-tree-diff/-/fs-tree-diff-0.5.3.tgz#a7e6044bf660b49b38c484826d5a41b34ae6aa69"
  dependencies:
    fast-ordered-set "^1.0.2"
    heimdalljs-logger "^0.1.7"

fs.realpath@^1.0.0:
  version "1.0.0"
  resolved "https://registry.yarnpkg.com/fs.realpath/-/fs.realpath-1.0.0.tgz#1504ad2523158caa40db4a2787cb01411994ea4f"

glob@^5.0.10:
  version "5.0.15"
  resolved "https://registry.yarnpkg.com/glob/-/glob-5.0.15.tgz#1bc936b9e02f4a603fcc222ecf7633d30b8b93b1"
  dependencies:
    inflight "^1.0.4"
    inherits "2"
    minimatch "2 || 3"
    once "^1.3.0"
    path-is-absolute "^1.0.0"

glob@^7.0.5:
  version "7.1.1"
  resolved "https://registry.yarnpkg.com/glob/-/glob-7.1.1.tgz#805211df04faaf1c63a3600306cdf5ade50b2ec8"
  dependencies:
    fs.realpath "^1.0.0"
    inflight "^1.0.4"
    inherits "2"
    minimatch "^3.0.2"
    once "^1.3.0"
    path-is-absolute "^1.0.0"

heimdalljs-logger@^0.1.7:
  version "0.1.7"
  resolved "https://registry.yarnpkg.com/heimdalljs-logger/-/heimdalljs-logger-0.1.7.tgz#10e340af5c22a811e34522d9b9397675ad589ca4"
  dependencies:
    debug "^2.2.0"
    heimdalljs "^0.2.0"

heimdalljs@^0.2.0, heimdalljs@^0.2.1:
  version "0.2.1"
  resolved "https://registry.yarnpkg.com/heimdalljs/-/heimdalljs-0.2.1.tgz#bde5d5034bc7996f0d973f21fa2d93d6c729de19"
  dependencies:
    rsvp "^3.2.1"

inflight@^1.0.4:
  version "1.0.6"
  resolved "https://registry.yarnpkg.com/inflight/-/inflight-1.0.6.tgz#49bd6331d7d02d0c09bc910a1075ba8165b56df9"
  dependencies:
    once "^1.3.0"
    wrappy "1"

inherits@2:
  version "2.0.3"
  resolved "https://registry.yarnpkg.com/inherits/-/inherits-2.0.3.tgz#633c2c83e3da42a502f52466022480f4208261de"

isarray@0.0.1:
  version "0.0.1"
  resolved "https://registry.yarnpkg.com/isarray/-/isarray-0.0.1.tgz#8a18acfca9a8f4177e09abfc6038939b05d1eedf"

matcher-collection@^1.0.0:
  version "1.0.4"
  resolved "https://registry.yarnpkg.com/matcher-collection/-/matcher-collection-1.0.4.tgz#2f66ae0869996f29e43d0b62c83dd1d43e581755"
  dependencies:
    minimatch "^3.0.2"

minimatch@^3.0.0, minimatch@^3.0.2, "minimatch@2 || 3":
  version "3.0.3"
  resolved "https://registry.yarnpkg.com/minimatch/-/minimatch-3.0.3.tgz#2a4e4090b96b2db06a9d7df01055a62a77c9b774"
  dependencies:
    brace-expansion "^1.0.0"

minimist@0.0.8:
  version "0.0.8"
  resolved "https://registry.yarnpkg.com/minimist/-/minimist-0.0.8.tgz#857fcabfc3397d2625b8228262e86aa7a011b05d"

mkdirp@^0.5.0, mkdirp@^0.5.1:
  version "0.5.1"
  resolved "https://registry.yarnpkg.com/mkdirp/-/mkdirp-0.5.1.tgz#30057438eac6cf7f8c4767f38648d6697d75c903"
  dependencies:
    minimist "0.0.8"

mktemp@~0.4.0:
  version "0.4.0"
  resolved "https://registry.yarnpkg.com/mktemp/-/mktemp-0.4.0.tgz#6d0515611c8a8c84e484aa2000129b98e981ff0b"

ms@0.7.2:
  version "0.7.2"
  resolved "https://registry.yarnpkg.com/ms/-/ms-0.7.2.tgz#ae25cf2512b3885a1d95d7f037868d8431124765"

once@^1.3.0:
  version "1.4.0"
  resolved "https://registry.yarnpkg.com/once/-/once-1.4.0.tgz#583b1aa775961d4b113ac17d9c50baef9dd76bd1"
  dependencies:
    wrappy "1"

os-tmpdir@~1.0.1:
  version "1.0.2"
  resolved "https://registry.yarnpkg.com/os-tmpdir/-/os-tmpdir-1.0.2.tgz#bbe67406c79aa85c5cfec766fe5734555dfa1274"

path-is-absolute@^1.0.0:
  version "1.0.1"
  resolved "https://registry.yarnpkg.com/path-is-absolute/-/path-is-absolute-1.0.1.tgz#174b9268735534ffbc7ace6bf53a5a9e1b5c5f5f"

path-posix@^1.0.0:
  version "1.0.0"
  resolved "https://registry.yarnpkg.com/path-posix/-/path-posix-1.0.0.tgz#06b26113f56beab042545a23bfa88003ccac260f"

path-to-regexp@^1.0.1:
  version "1.7.0"
  resolved "https://registry.yarnpkg.com/path-to-regexp/-/path-to-regexp-1.7.0.tgz#59fde0f435badacba103a84e9d3bc64e96b9937d"
  dependencies:
    isarray "0.0.1"

promise-map-series@^0.2.1:
  version "0.2.3"
  resolved "https://registry.yarnpkg.com/promise-map-series/-/promise-map-series-0.2.3.tgz#c2d377afc93253f6bd03dbb77755eb88ab20a847"
  dependencies:
    rsvp "^3.0.14"

quick-temp@^0.1.0, quick-temp@^0.1.3:
  version "0.1.6"
  resolved "https://registry.yarnpkg.com/quick-temp/-/quick-temp-0.1.6.tgz#a6242a15cba9f9cdbd341287b5c569e318eec307"
  dependencies:
    mktemp "~0.4.0"
    rimraf "~2.2.6"
    underscore.string "~2.3.3"

rimraf@^2.3.4, rimraf@^2.4.3:
  version "2.5.4"
  resolved "https://registry.yarnpkg.com/rimraf/-/rimraf-2.5.4.tgz#96800093cbf1a0c86bd95b4625467535c29dfa04"
  dependencies:
    glob "^7.0.5"

rimraf@~2.2.6:
  version "2.2.8"
  resolved "https://registry.yarnpkg.com/rimraf/-/rimraf-2.2.8.tgz#e439be2aaee327321952730f99a8929e4fc50582"

rsvp@^3.0.14, rsvp@^3.0.6, rsvp@^3.1.0, rsvp@^3.2.1:
  version "3.3.3"
  resolved "https://registry.yarnpkg.com/rsvp/-/rsvp-3.3.3.tgz#34633caaf8bc66ceff4be3c2e1dffd032538a813"

serviceworker-cache-polyfill@^4.0.0:
  version "4.0.0"
  resolved "https://registry.yarnpkg.com/serviceworker-cache-polyfill/-/serviceworker-cache-polyfill-4.0.0.tgz#de19ee73bef21ab3c0740a37b33db62464babdeb"

stringifile@^0.1.1:
  version "0.1.1"
  resolved "https://registry.yarnpkg.com/stringifile/-/stringifile-0.1.1.tgz#85bc66cdcfeacb5938bc07b425c142a16287455e"

sw-toolbox@^3.4.0:
  version "3.4.0"
  resolved "https://registry.yarnpkg.com/sw-toolbox/-/sw-toolbox-3.4.0.tgz#a16efecf4a79ed32191cf1923525f2ee89bc76dc"
  dependencies:
    path-to-regexp "^1.0.1"
    serviceworker-cache-polyfill "^4.0.0"

symlink-or-copy@^1.0.0, symlink-or-copy@^1.0.1:
  version "1.1.6"
  resolved "https://registry.yarnpkg.com/symlink-or-copy/-/symlink-or-copy-1.1.6.tgz#b5f6e8e00616210f64e6b3fa114ea0208e268f78"

tmp@0.0.28:
  version "0.0.28"
  resolved "https://registry.yarnpkg.com/tmp/-/tmp-0.0.28.tgz#172735b7f614ea7af39664fa84cf0de4e515d120"
  dependencies:
    os-tmpdir "~1.0.1"

underscore.string@~2.3.3:
  version "2.3.3"
  resolved "https://registry.yarnpkg.com/underscore.string/-/underscore.string-2.3.3.tgz#71c08bf6b428b1133f37e78fa3a21c82f7329b0d"

walk-sync@^0.3.1:
  version "0.3.1"
  resolved "https://registry.yarnpkg.com/walk-sync/-/walk-sync-0.3.1.tgz#558a16aeac8c0db59c028b73c66f397684ece465"
  dependencies:
    ensure-posix-path "^1.0.0"
    matcher-collection "^1.0.0"

wrappy@1:
  version "1.0.2"
  resolved "https://registry.yarnpkg.com/wrappy/-/wrappy-1.0.2.tgz#b5243d8f3ec1aa35f1364605bc0d1036e30ab69f"

